{
  "name": "contract",
  "version": "1.0.0",
  "lockfileVersion": 1,
  "requires": true,
  "dependencies": {
    "@openzeppelin/contracts-upgradeable": {
      "version": "4.3.1",
      "resolved": "https://registry.npmjs.org/@openzeppelin/contracts-upgradeable/-/contracts-upgradeable-4.3.1.tgz",
      "integrity": "sha512-vqS3gb1J5xlKc+7a931a5Qmg3HDR168E6aCfPY6lPrdFZV4TymN2+HVJNCqCo+KP2UMYDtqRsXu+KB/0L0E34g=="
    },
    "openzeppelin-solidity": {
      "version": "4.3.1",
      "resolved": "https://registry.npmjs.org/openzeppelin-solidity/-/openzeppelin-solidity-4.3.1.tgz",
      "integrity": "sha512-S+fEGe9WLLK1mDcOvKs9nrQegGHYa0KGYcylfTIy0tPSvrHEfN2ZSGRKXpFWDfvEfuucqowpkX5VIq1dvYDMSA=="
    }
  }
}
